
Microsoft Visual Studio Solution File, Format Version 12.00
# Visual Studio Version 17
VisualStudioVersion = 17.9.34902.65
MinimumVisualStudioVersion = 10.0.40219.1
Project("{FAE04EC0-301F-11D3-BF4B-00C04F79EFBC}") = "MessengerApp", "MessengerApp\MessengerApp.csproj", "{094BE5FE-EC18-4CD6-AF12-3740E1AFB1D9}"
EndProject
Global
	GlobalSection(SolutionConfigurationPlatforms) = preSolution
		Debug|Any CPU = Debug|Any CPU
		Release|Any CPU = Release|Any CPU
	EndGlobalSection
	GlobalSection(ProjectConfigurationPlatforms) = postSolution
		{094BE5FE-EC18-4CD6-AF12-3740E1AFB1D9}.Debug|Any CPU.ActiveCfg = Debug|Any CPU
		{094BE5FE-EC18-4CD6-AF12-3740E1AFB1D9}.Debug|Any CPU.Build.0 = Debug|Any CPU
		{094BE5FE-EC18-4CD6-AF12-3740E1AFB1D9}.Release|Any CPU.ActiveCfg = Release|Any CPU
		{094BE5FE-EC18-4CD6-AF12-3740E1AFB1D9}.Release|Any CPU.Build.0 = Release|Any CPU
	EndGlobalSection
	GlobalSection(SolutionProperties) = preSolution
		HideSolutionNode = FALSE
	EndGlobalSection
	GlobalSection(ExtensibilityGlobals) = postSolution
		SolutionGuid = {99E1572C-3EE2-44CB-9C54-22263426E778}
	EndGlobalSection
EndGlobal
